
Microsoft Visual Studio Solution File, Format Version 12.00
# Visual Studio 15
VisualStudioVersion = 15.0.27428.2027
MinimumVisualStudioVersion = 10.0.40219.1
Project("{FAE04EC0-301F-11D3-BF4B-00C04F79EFBC}") = "WebAppPB01Lab1_lucas", "WebAppPB01Lab1_lucas\WebAppPB01Lab1_lucas.csproj", "{CCE69AB7-79E1-4878-9A9E-C96D40ABE6BA}"
EndProject
Global
	GlobalSection(SolutionConfigurationPlatforms) = preSolution
		Debug|Any CPU = Debug|Any CPU
		Release|Any CPU = Release|Any CPU
	EndGlobalSection
	GlobalSection(ProjectConfigurationPlatforms) = postSolution
		{CCE69AB7-79E1-4878-9A9E-C96D40ABE6BA}.Debug|Any CPU.ActiveCfg = Debug|Any CPU
		{CCE69AB7-79E1-4878-9A9E-C96D40ABE6BA}.Debug|Any CPU.Build.0 = Debug|Any CPU
		{CCE69AB7-79E1-4878-9A9E-C96D40ABE6BA}.Release|Any CPU.ActiveCfg = Release|Any CPU
		{CCE69AB7-79E1-4878-9A9E-C96D40ABE6BA}.Release|Any CPU.Build.0 = Release|Any CPU
	EndGlobalSection
	GlobalSection(SolutionProperties) = preSolution
		HideSolutionNode = FALSE
	EndGlobalSection
	GlobalSection(ExtensibilityGlobals) = postSolution
		SolutionGuid = {E1F63D9F-C986-4DFA-B4BA-7E43E0BBE8D9}
	EndGlobalSection
EndGlobal
